
Microsoft Visual Studio Solution File, Format Version 12.00
# Visual Studio Version 17
VisualStudioVersion = 17.5.33516.290
MinimumVisualStudioVersion = 10.0.40219.1
Project("{9A19103F-16F7-4668-BE54-9A1E7A4F7556}") = "MyWpfApp", "MyWpfApp\MyWpfApp.csproj", "{B0E35690-C1AF-4D91-88BC-E608B0A83135}"
EndProject
Project("{9A19103F-16F7-4668-BE54-9A1E7A4F7556}") = "TodoApp", "TodoApp\TodoApp.csproj", "{67C31FC8-38D0-4942-9AAD-BBA6DA4AA7E3}"
EndProject
Project("{9A19103F-16F7-4668-BE54-9A1E7A4F7556}") = "WpfLoginDemo", "WpfLoginDemo\WpfLoginDemo.csproj", "{C05FF10D-B51C-4BB2-8690-6388D4B3C070}"
EndProject
Project("{9A19103F-16F7-4668-BE54-9A1E7A4F7556}") = "WpfDataBindingDemo", "WpfDataBindingDemo\WpfDataBindingDemo.csproj", "{FEC79F88-0AA1-4D30-9AC9-2D84B1D0D89A}"
EndProject
Project("{9A19103F-16F7-4668-BE54-9A1E7A4F7556}") = "InvoiceManagement", "InvoiceManagement\InvoiceManagement.csproj", "{F8B67968-ED9A-4A7F-9FA8-B1AA58834D90}"
EndProject
Project("{9A19103F-16F7-4668-BE54-9A1E7A4F7556}") = "LinqDemo", "LinqDemo\LinqDemo.csproj", "{BF88F6F3-7BC7-4AA2-9508-B6FAD7966B3D}"
EndProject
Project("{9A19103F-16F7-4668-BE54-9A1E7A4F7556}") = "CalculatorTest", "Calculator\CalculatorTest.csproj", "{4A8559C8-CBC4-41E8-B09B-4F681EBBBD82}"
EndProject
Project("{9A19103F-16F7-4668-BE54-9A1E7A4F7556}") = "Domain", "Domain\Domain.csproj", "{E88074EE-E335-4325-80A7-76D01D81B72E}"
EndProject
Project("{9A19103F-16F7-4668-BE54-9A1E7A4F7556}") = "Web", "Web\Web.csproj", "{123407BF-82DA-4A43-8734-3B5B619D8B65}"
EndProject
Project("{FAE04EC0-301F-11D3-BF4B-00C04F79EFBC}") = "CurrencyConverter_Static", "‏‏CurrencyConverter_Static\CurrencyConverter_Static.csproj", "{E1029B17-1B71-478B-98E6-C5847A24F893}"
EndProject
Project("{FAE04EC0-301F-11D3-BF4B-00C04F79EFBC}") = "CurrencyConverter_Database", "CurrencyConverter_Database\CurrencyConverter_Database.csproj", "{F7E1D4F7-DFCA-4C50-901C-76BFFA16721C}"
EndProject
Project("{FAE04EC0-301F-11D3-BF4B-00C04F79EFBC}") = "CurrencyConverter_API", "‏‏‏‏CurrencyConverter_API\CurrencyConverter_API.csproj", "{5F2B57D7-19AB-4479-A559-057AA9A2308A}"
EndProject
Project("{FAE04EC0-301F-11D3-BF4B-00C04F79EFBC}") = "LINQToObjectsAndQueryOperators", "LINQToObjectsAndQueryOperators\LINQToObjectsAndQueryOperators.csproj", "{7B4544C3-AE91-4FDD-A879-4B0F892B0BE5}"
EndProject
Project("{FAE04EC0-301F-11D3-BF4B-00C04F79EFBC}") = "LinqToSQL", "LinqToSQL\LinqToSQL.csproj", "{90FCCF74-1140-42F6-B34E-EC1237041D42}"
EndProject
Project("{FAE04EC0-301F-11D3-BF4B-00C04F79EFBC}") = "LinqWithXML", "LinqWithXML\LinqWithXML.csproj", "{BAE5B1C2-81FB-479D-A006-E5864DEE6574}"
EndProject
Project("{FAE04EC0-301F-11D3-BF4B-00C04F79EFBC}") = "WPFTasksE", "WPFTasksE\WPFTasksE.csproj", "{AF8BE674-15BC-4244-B2B0-3764675D07B5}"
EndProject
Project("{FAE04EC0-301F-11D3-BF4B-00C04F79EFBC}") = "Flight", "Flight\Flight.csproj", "{6B26D0A7-D39F-41AF-9A23-419866E1444A}"
EndProject
Project("{FAE04EC0-301F-11D3-BF4B-00C04F79EFBC}") = "Domain.Tests", "Domain.Tests\Domain.Tests.csproj", "{EA370D03-EB83-4B5D-B28C-B6FB812937BD}"
EndProject
Global
	GlobalSection(SolutionConfigurationPlatforms) = preSolution
		Debug|Any CPU = Debug|Any CPU
		Debug|x64 = Debug|x64
		Debug|x86 = Debug|x86
		Release|Any CPU = Release|Any CPU
		Release|x64 = Release|x64
		Release|x86 = Release|x86
	EndGlobalSection
	GlobalSection(ProjectConfigurationPlatforms) = postSolution
		{B0E35690-C1AF-4D91-88BC-E608B0A83135}.Debug|Any CPU.ActiveCfg = Debug|Any CPU
		{B0E35690-C1AF-4D91-88BC-E608B0A83135}.Debug|Any CPU.Build.0 = Debug|Any CPU
		{B0E35690-C1AF-4D91-88BC-E608B0A83135}.Debug|x64.ActiveCfg = Debug|Any CPU
		{B0E35690-C1AF-4D91-88BC-E608B0A83135}.Debug|x64.Build.0 = Debug|Any CPU
		{B0E35690-C1AF-4D91-88BC-E608B0A83135}.Debug|x86.ActiveCfg = Debug|Any CPU
		{B0E35690-C1AF-4D91-88BC-E608B0A83135}.Debug|x86.Build.0 = Debug|Any CPU
		{B0E35690-C1AF-4D91-88BC-E608B0A83135}.Release|Any CPU.ActiveCfg = Release|Any CPU
		{B0E35690-C1AF-4D91-88BC-E608B0A83135}.Release|Any CPU.Build.0 = Release|Any CPU
		{B0E35690-C1AF-4D91-88BC-E608B0A83135}.Release|x64.ActiveCfg = Release|Any CPU
		{B0E35690-C1AF-4D91-88BC-E608B0A83135}.Release|x64.Build.0 = Release|Any CPU
		{B0E35690-C1AF-4D91-88BC-E608B0A83135}.Release|x86.ActiveCfg = Release|Any CPU
		{B0E35690-C1AF-4D91-88BC-E608B0A83135}.Release|x86.Build.0 = Release|Any CPU
		{67C31FC8-38D0-4942-9AAD-BBA6DA4AA7E3}.Debug|Any CPU.ActiveCfg = Debug|Any CPU
		{67C31FC8-38D0-4942-9AAD-BBA6DA4AA7E3}.Debug|Any CPU.Build.0 = Debug|Any CPU
		{67C31FC8-38D0-4942-9AAD-BBA6DA4AA7E3}.Debug|x64.ActiveCfg = Debug|Any CPU
		{67C31FC8-38D0-4942-9AAD-BBA6DA4AA7E3}.Debug|x64.Build.0 = Debug|Any CPU
		{67C31FC8-38D0-4942-9AAD-BBA6DA4AA7E3}.Debug|x86.ActiveCfg = Debug|Any CPU
		{67C31FC8-38D0-4942-9AAD-BBA6DA4AA7E3}.Debug|x86.Build.0 = Debug|Any CPU
		{67C31FC8-38D0-4942-9AAD-BBA6DA4AA7E3}.Release|Any CPU.ActiveCfg = Release|Any CPU
		{67C31FC8-38D0-4942-9AAD-BBA6DA4AA7E3}.Release|Any CPU.Build.0 = Release|Any CPU
		{67C31FC8-38D0-4942-9AAD-BBA6DA4AA7E3}.Release|x64.ActiveCfg = Release|Any CPU
		{67C31FC8-38D0-4942-9AAD-BBA6DA4AA7E3}.Release|x64.Build.0 = Release|Any CPU
		{67C31FC8-38D0-4942-9AAD-BBA6DA4AA7E3}.Release|x86.ActiveCfg = Release|Any CPU
		{67C31FC8-38D0-4942-9AAD-BBA6DA4AA7E3}.Release|x86.Build.0 = Release|Any CPU
		{C05FF10D-B51C-4BB2-8690-6388D4B3C070}.Debug|Any CPU.ActiveCfg = Debug|Any CPU
		{C05FF10D-B51C-4BB2-8690-6388D4B3C070}.Debug|Any CPU.Build.0 = Debug|Any CPU
		{C05FF10D-B51C-4BB2-8690-6388D4B3C070}.Debug|x64.ActiveCfg = Debug|Any CPU
		{C05FF10D-B51C-4BB2-8690-6388D4B3C070}.Debug|x64.Build.0 = Debug|Any CPU
		{C05FF10D-B51C-4BB2-8690-6388D4B3C070}.Debug|x86.ActiveCfg = Debug|Any CPU
		{C05FF10D-B51C-4BB2-8690-6388D4B3C070}.Debug|x86.Build.0 = Debug|Any CPU
		{C05FF10D-B51C-4BB2-8690-6388D4B3C070}.Release|Any CPU.ActiveCfg = Release|Any CPU
		{C05FF10D-B51C-4BB2-8690-6388D4B3C070}.Release|Any CPU.Build.0 = Release|Any CPU
		{C05FF10D-B51C-4BB2-8690-6388D4B3C070}.Release|x64.ActiveCfg = Release|Any CPU
		{C05FF10D-B51C-4BB2-8690-6388D4B3C070}.Release|x64.Build.0 = Release|Any CPU
		{C05FF10D-B51C-4BB2-8690-6388D4B3C070}.Release|x86.ActiveCfg = Release|Any CPU
		{C05FF10D-B51C-4BB2-8690-6388D4B3C070}.Release|x86.Build.0 = Release|Any CPU
		{FEC79F88-0AA1-4D30-9AC9-2D84B1D0D89A}.Debug|Any CPU.ActiveCfg = Debug|Any CPU
		{FEC79F88-0AA1-4D30-9AC9-2D84B1D0D89A}.Debug|Any CPU.Build.0 = Debug|Any CPU
		{FEC79F88-0AA1-4D30-9AC9-2D84B1D0D89A}.Debug|x64.ActiveCfg = Debug|Any CPU
		{FEC79F88-0AA1-4D30-9AC9-2D84B1D0D89A}.Debug|x64.Build.0 = Debug|Any CPU
		{FEC79F88-0AA1-4D30-9AC9-2D84B1D0D89A}.Debug|x86.ActiveCfg = Debug|Any CPU
		{FEC79F88-0AA1-4D30-9AC9-2D84B1D0D89A}.Debug|x86.Build.0 = Debug|Any CPU
		{FEC79F88-0AA1-4D30-9AC9-2D84B1D0D89A}.Release|Any CPU.ActiveCfg = Release|Any CPU
		{FEC79F88-0AA1-4D30-9AC9-2D84B1D0D89A}.Release|Any CPU.Build.0 = Release|Any CPU
		{FEC79F88-0AA1-4D30-9AC9-2D84B1D0D89A}.Release|x64.ActiveCfg = Release|Any CPU
		{FEC79F88-0AA1-4D30-9AC9-2D84B1D0D89A}.Release|x64.Build.0 = Release|Any CPU
		{FEC79F88-0AA1-4D30-9AC9-2D84B1D0D89A}.Release|x86.ActiveCfg = Release|Any CPU
		{FEC79F88-0AA1-4D30-9AC9-2D84B1D0D89A}.Release|x86.Build.0 = Release|Any CPU
		{F8B67968-ED9A-4A7F-9FA8-B1AA58834D90}.Debug|Any CPU.ActiveCfg = Debug|Any CPU
		{F8B67968-ED9A-4A7F-9FA8-B1AA58834D90}.Debug|Any CPU.Build.0 = Debug|Any CPU
		{F8B67968-ED9A-4A7F-9FA8-B1AA58834D90}.Debug|x64.ActiveCfg = Debug|Any CPU
		{F8B67968-ED9A-4A7F-9FA8-B1AA58834D90}.Debug|x64.Build.0 = Debug|Any CPU
		{F8B67968-ED9A-4A7F-9FA8-B1AA58834D90}.Debug|x86.ActiveCfg = Debug|Any CPU
		{F8B67968-ED9A-4A7F-9FA8-B1AA58834D90}.Debug|x86.Build.0 = Debug|Any CPU
		{F8B67968-ED9A-4A7F-9FA8-B1AA58834D90}.Release|Any CPU.ActiveCfg = Release|Any CPU
		{F8B67968-ED9A-4A7F-9FA8-B1AA58834D90}.Release|Any CPU.Build.0 = Release|Any CPU
		{F8B67968-ED9A-4A7F-9FA8-B1AA58834D90}.Release|x64.ActiveCfg = Release|Any CPU
		{F8B67968-ED9A-4A7F-9FA8-B1AA58834D90}.Release|x64.Build.0 = Release|Any CPU
		{F8B67968-ED9A-4A7F-9FA8-B1AA58834D90}.Release|x86.ActiveCfg = Release|Any CPU
		{F8B67968-ED9A-4A7F-9FA8-B1AA58834D90}.Release|x86.Build.0 = Release|Any CPU
		{BF88F6F3-7BC7-4AA2-9508-B6FAD7966B3D}.Debug|Any CPU.ActiveCfg = Debug|Any CPU
		{BF88F6F3-7BC7-4AA2-9508-B6FAD7966B3D}.Debug|Any CPU.Build.0 = Debug|Any CPU
		{BF88F6F3-7BC7-4AA2-9508-B6FAD7966B3D}.Debug|x64.ActiveCfg = Debug|Any CPU
		{BF88F6F3-7BC7-4AA2-9508-B6FAD7966B3D}.Debug|x64.Build.0 = Debug|Any CPU
		{BF88F6F3-7BC7-4AA2-9508-B6FAD7966B3D}.Debug|x86.ActiveCfg = Debug|Any CPU
		{BF88F6F3-7BC7-4AA2-9508-B6FAD7966B3D}.Debug|x86.Build.0 = Debug|Any CPU
		{BF88F6F3-7BC7-4AA2-9508-B6FAD7966B3D}.Release|Any CPU.ActiveCfg = Release|Any CPU
		{BF88F6F3-7BC7-4AA2-9508-B6FAD7966B3D}.Release|Any CPU.Build.0 = Release|Any CPU
		{BF88F6F3-7BC7-4AA2-9508-B6FAD7966B3D}.Release|x64.ActiveCfg = Release|Any CPU
		{BF88F6F3-7BC7-4AA2-9508-B6FAD7966B3D}.Release|x64.Build.0 = Release|Any CPU
		{BF88F6F3-7BC7-4AA2-9508-B6FAD7966B3D}.Release|x86.ActiveCfg = Release|Any CPU
		{BF88F6F3-7BC7-4AA2-9508-B6FAD7966B3D}.Release|x86.Build.0 = Release|Any CPU
		{4A8559C8-CBC4-41E8-B09B-4F681EBBBD82}.Debug|Any CPU.ActiveCfg = Debug|Any CPU
		{4A8559C8-CBC4-41E8-B09B-4F681EBBBD82}.Debug|Any CPU.Build.0 = Debug|Any CPU
		{4A8559C8-CBC4-41E8-B09B-4F681EBBBD82}.Debug|x64.ActiveCfg = Debug|Any CPU
		{4A8559C8-CBC4-41E8-B09B-4F681EBBBD82}.Debug|x64.Build.0 = Debug|Any CPU
		{4A8559C8-CBC4-41E8-B09B-4F681EBBBD82}.Debug|x86.ActiveCfg = Debug|Any CPU
		{4A8559C8-CBC4-41E8-B09B-4F681EBBBD82}.Debug|x86.Build.0 = Debug|Any CPU
		{4A8559C8-CBC4-41E8-B09B-4F681EBBBD82}.Release|Any CPU.ActiveCfg = Release|Any CPU
		{4A8559C8-CBC4-41E8-B09B-4F681EBBBD82}.Release|Any CPU.Build.0 = Release|Any CPU
		{4A8559C8-CBC4-41E8-B09B-4F681EBBBD82}.Release|x64.ActiveCfg = Release|Any CPU
		{4A8559C8-CBC4-41E8-B09B-4F681EBBBD82}.Release|x64.Build.0 = Release|Any CPU
		{4A8559C8-CBC4-41E8-B09B-4F681EBBBD82}.Release|x86.ActiveCfg = Release|Any CPU
		{4A8559C8-CBC4-41E8-B09B-4F681EBBBD82}.Release|x86.Build.0 = Release|Any CPU
		{E88074EE-E335-4325-80A7-76D01D81B72E}.Debug|Any CPU.ActiveCfg = Debug|Any CPU
		{E88074EE-E335-4325-80A7-76D01D81B72E}.Debug|Any CPU.Build.0 = Debug|Any CPU
		{E88074EE-E335-4325-80A7-76D01D81B72E}.Debug|x64.ActiveCfg = Debug|Any CPU
		{E88074EE-E335-4325-80A7-76D01D81B72E}.Debug|x64.Build.0 = Debug|Any CPU
		{E88074EE-E335-4325-80A7-76D01D81B72E}.Debug|x86.ActiveCfg = Debug|Any CPU
		{E88074EE-E335-4325-80A7-76D01D81B72E}.Debug|x86.Build.0 = Debug|Any CPU
		{E88074EE-E335-4325-80A7-76D01D81B72E}.Release|Any CPU.ActiveCfg = Release|Any CPU
		{E88074EE-E335-4325-80A7-76D01D81B72E}.Release|Any CPU.Build.0 = Release|Any CPU
		{E88074EE-E335-4325-80A7-76D01D81B72E}.Release|x64.ActiveCfg = Release|Any CPU
		{E88074EE-E335-4325-80A7-76D01D81B72E}.Release|x64.Build.0 = Release|Any CPU
		{E88074EE-E335-4325-80A7-76D01D81B72E}.Release|x86.ActiveCfg = Release|Any CPU
		{E88074EE-E335-4325-80A7-76D01D81B72E}.Release|x86.Build.0 = Release|Any CPU
		{123407BF-82DA-4A43-8734-3B5B619D8B65}.Debug|Any CPU.ActiveCfg = Debug|Any CPU
		{123407BF-82DA-4A43-8734-3B5B619D8B65}.Debug|Any CPU.Build.0 = Debug|Any CPU
		{123407BF-82DA-4A43-8734-3B5B619D8B65}.Debug|x64.ActiveCfg = Debug|Any CPU
		{123407BF-82DA-4A43-8734-3B5B619D8B65}.Debug|x64.Build.0 = Debug|Any CPU
		{123407BF-82DA-4A43-8734-3B5B619D8B65}.Debug|x86.ActiveCfg = Debug|Any CPU
		{123407BF-82DA-4A43-8734-3B5B619D8B65}.Debug|x86.Build.0 = Debug|Any CPU
		{123407BF-82DA-4A43-8734-3B5B619D8B65}.Release|Any CPU.ActiveCfg = Release|Any CPU
		{123407BF-82DA-4A43-8734-3B5B619D8B65}.Release|Any CPU.Build.0 = Release|Any CPU
		{123407BF-82DA-4A43-8734-3B5B619D8B65}.Release|x64.ActiveCfg = Release|Any CPU
		{123407BF-82DA-4A43-8734-3B5B619D8B65}.Release|x64.Build.0 = Release|Any CPU
		{123407BF-82DA-4A43-8734-3B5B619D8B65}.Release|x86.ActiveCfg = Release|Any CPU
		{123407BF-82DA-4A43-8734-3B5B619D8B65}.Release|x86.Build.0 = Release|Any CPU
		{E1029B17-1B71-478B-98E6-C5847A24F893}.Debug|Any CPU.ActiveCfg = Debug|Any CPU
		{E1029B17-1B71-478B-98E6-C5847A24F893}.Debug|Any CPU.Build.0 = Debug|Any CPU
		{E1029B17-1B71-478B-98E6-C5847A24F893}.Debug|x64.ActiveCfg = Debug|Any CPU
		{E1029B17-1B71-478B-98E6-C5847A24F893}.Debug|x64.Build.0 = Debug|Any CPU
		{E1029B17-1B71-478B-98E6-C5847A24F893}.Debug|x86.ActiveCfg = Debug|Any CPU
		{E1029B17-1B71-478B-98E6-C5847A24F893}.Debug|x86.Build.0 = Debug|Any CPU
		{E1029B17-1B71-478B-98E6-C5847A24F893}.Release|Any CPU.ActiveCfg = Release|Any CPU
		{E1029B17-1B71-478B-98E6-C5847A24F893}.Release|Any CPU.Build.0 = Release|Any CPU
		{E1029B17-1B71-478B-98E6-C5847A24F893}.Release|x64.ActiveCfg = Release|Any CPU
		{E1029B17-1B71-478B-98E6-C5847A24F893}.Release|x64.Build.0 = Release|Any CPU
		{E1029B17-1B71-478B-98E6-C5847A24F893}.Release|x86.ActiveCfg = Release|Any CPU
		{E1029B17-1B71-478B-98E6-C5847A24F893}.Release|x86.Build.0 = Release|Any CPU
		{F7E1D4F7-DFCA-4C50-901C-76BFFA16721C}.Debug|Any CPU.ActiveCfg = Debug|Any CPU
		{F7E1D4F7-DFCA-4C50-901C-76BFFA16721C}.Debug|Any CPU.Build.0 = Debug|Any CPU
		{F7E1D4F7-DFCA-4C50-901C-76BFFA16721C}.Debug|x64.ActiveCfg = Debug|Any CPU
		{F7E1D4F7-DFCA-4C50-901C-76BFFA16721C}.Debug|x64.Build.0 = Debug|Any CPU
		{F7E1D4F7-DFCA-4C50-901C-76BFFA16721C}.Debug|x86.ActiveCfg = Debug|Any CPU
		{F7E1D4F7-DFCA-4C50-901C-76BFFA16721C}.Debug|x86.Build.0 = Debug|Any CPU
		{F7E1D4F7-DFCA-4C50-901C-76BFFA16721C}.Release|Any CPU.ActiveCfg = Release|Any CPU
		{F7E1D4F7-DFCA-4C50-901C-76BFFA16721C}.Release|Any CPU.Build.0 = Release|Any CPU
		{F7E1D4F7-DFCA-4C50-901C-76BFFA16721C}.Release|x64.ActiveCfg = Release|Any CPU
		{F7E1D4F7-DFCA-4C50-901C-76BFFA16721C}.Release|x64.Build.0 = Release|Any CPU
		{F7E1D4F7-DFCA-4C50-901C-76BFFA16721C}.Release|x86.ActiveCfg = Release|Any CPU
		{F7E1D4F7-DFCA-4C50-901C-76BFFA16721C}.Release|x86.Build.0 = Release|Any CPU
		{5F2B57D7-19AB-4479-A559-057AA9A2308A}.Debug|Any CPU.ActiveCfg = Debug|Any CPU
		{5F2B57D7-19AB-4479-A559-057AA9A2308A}.Debug|Any CPU.Build.0 = Debug|Any CPU
		{5F2B57D7-19AB-4479-A559-057AA9A2308A}.Debug|x64.ActiveCfg = Debug|Any CPU
		{5F2B57D7-19AB-4479-A559-057AA9A2308A}.Debug|x64.Build.0 = Debug|Any CPU
		{5F2B57D7-19AB-4479-A559-057AA9A2308A}.Debug|x86.ActiveCfg = Debug|Any CPU
		{5F2B57D7-19AB-4479-A559-057AA9A2308A}.Debug|x86.Build.0 = Debug|Any CPU
		{5F2B57D7-19AB-4479-A559-057AA9A2308A}.Release|Any CPU.ActiveCfg = Release|Any CPU
		{5F2B57D7-19AB-4479-A559-057AA9A2308A}.Release|Any CPU.Build.0 = Release|Any CPU
		{5F2B57D7-19AB-4479-A559-057AA9A2308A}.Release|x64.ActiveCfg = Release|Any CPU
		{5F2B57D7-19AB-4479-A559-057AA9A2308A}.Release|x64.Build.0 = Release|Any CPU
		{5F2B57D7-19AB-4479-A559-057AA9A2308A}.Release|x86.ActiveCfg = Release|Any CPU
		{5F2B57D7-19AB-4479-A559-057AA9A2308A}.Release|x86.Build.0 = Release|Any CPU
		{7B4544C3-AE91-4FDD-A879-4B0F892B0BE5}.Debug|Any CPU.ActiveCfg = Debug|Any CPU
		{7B4544C3-AE91-4FDD-A879-4B0F892B0BE5}.Debug|Any CPU.Build.0 = Debug|Any CPU
		{7B4544C3-AE91-4FDD-A879-4B0F892B0BE5}.Debug|x64.ActiveCfg = Debug|Any CPU
		{7B4544C3-AE91-4FDD-A879-4B0F892B0BE5}.Debug|x64.Build.0 = Debug|Any CPU
		{7B4544C3-AE91-4FDD-A879-4B0F892B0BE5}.Debug|x86.ActiveCfg = Debug|Any CPU
		{7B4544C3-AE91-4FDD-A879-4B0F892B0BE5}.Debug|x86.Build.0 = Debug|Any CPU
		{7B4544C3-AE91-4FDD-A879-4B0F892B0BE5}.Release|Any CPU.ActiveCfg = Release|Any CPU
		{7B4544C3-AE91-4FDD-A879-4B0F892B0BE5}.Release|Any CPU.Build.0 = Release|Any CPU
		{7B4544C3-AE91-4FDD-A879-4B0F892B0BE5}.Release|x64.ActiveCfg = Release|Any CPU
		{7B4544C3-AE91-4FDD-A879-4B0F892B0BE5}.Release|x64.Build.0 = Release|Any CPU
		{7B4544C3-AE91-4FDD-A879-4B0F892B0BE5}.Release|x86.ActiveCfg = Release|Any CPU
		{7B4544C3-AE91-4FDD-A879-4B0F892B0BE5}.Release|x86.Build.0 = Release|Any CPU
		{90FCCF74-1140-42F6-B34E-EC1237041D42}.Debug|Any CPU.ActiveCfg = Debug|Any CPU
		{90FCCF74-1140-42F6-B34E-EC1237041D42}.Debug|Any CPU.Build.0 = Debug|Any CPU
		{90FCCF74-1140-42F6-B34E-EC1237041D42}.Debug|x64.ActiveCfg = Debug|Any CPU
		{90FCCF74-1140-42F6-B34E-EC1237041D42}.Debug|x64.Build.0 = Debug|Any CPU
		{90FCCF74-1140-42F6-B34E-EC1237041D42}.Debug|x86.ActiveCfg = Debug|Any CPU
		{90FCCF74-1140-42F6-B34E-EC1237041D42}.Debug|x86.Build.0 = Debug|Any CPU
		{90FCCF74-1140-42F6-B34E-EC1237041D42}.Release|Any CPU.ActiveCfg = Release|Any CPU
		{90FCCF74-1140-42F6-B34E-EC1237041D42}.Release|Any CPU.Build.0 = Release|Any CPU
		{90FCCF74-1140-42F6-B34E-EC1237041D42}.Release|x64.ActiveCfg = Release|Any CPU
		{90FCCF74-1140-42F6-B34E-EC1237041D42}.Release|x64.Build.0 = Release|Any CPU
		{90FCCF74-1140-42F6-B34E-EC1237041D42}.Release|x86.ActiveCfg = Release|Any CPU
		{90FCCF74-1140-42F6-B34E-EC1237041D42}.Release|x86.Build.0 = Release|Any CPU
		{BAE5B1C2-81FB-479D-A006-E5864DEE6574}.Debug|Any CPU.ActiveCfg = Debug|Any CPU
		{BAE5B1C2-81FB-479D-A006-E5864DEE6574}.Debug|Any CPU.Build.0 = Debug|Any CPU
		{BAE5B1C2-81FB-479D-A006-E5864DEE6574}.Debug|x64.ActiveCfg = Debug|Any CPU
		{BAE5B1C2-81FB-479D-A006-E5864DEE6574}.Debug|x64.Build.0 = Debug|Any CPU
		{BAE5B1C2-81FB-479D-A006-E5864DEE6574}.Debug|x86.ActiveCfg = Debug|Any CPU
		{BAE5B1C2-81FB-479D-A006-E5864DEE6574}.Debug|x86.Build.0 = Debug|Any CPU
		{BAE5B1C2-81FB-479D-A006-E5864DEE6574}.Release|Any CPU.ActiveCfg = Release|Any CPU
		{BAE5B1C2-81FB-479D-A006-E5864DEE6574}.Release|Any CPU.Build.0 = Release|Any CPU
		{BAE5B1C2-81FB-479D-A006-E5864DEE6574}.Release|x64.ActiveCfg = Release|Any CPU
		{BAE5B1C2-81FB-479D-A006-E5864DEE6574}.Release|x64.Build.0 = Release|Any CPU
		{BAE5B1C2-81FB-479D-A006-E5864DEE6574}.Release|x86.ActiveCfg = Release|Any CPU
		{BAE5B1C2-81FB-479D-A006-E5864DEE6574}.Release|x86.Build.0 = Release|Any CPU
		{AF8BE674-15BC-4244-B2B0-3764675D07B5}.Debug|Any CPU.ActiveCfg = Debug|Any CPU
		{AF8BE674-15BC-4244-B2B0-3764675D07B5}.Debug|Any CPU.Build.0 = Debug|Any CPU
		{AF8BE674-15BC-4244-B2B0-3764675D07B5}.Debug|x64.ActiveCfg = Debug|Any CPU
		{AF8BE674-15BC-4244-B2B0-3764675D07B5}.Debug|x64.Build.0 = Debug|Any CPU
		{AF8BE674-15BC-4244-B2B0-3764675D07B5}.Debug|x86.ActiveCfg = Debug|Any CPU
		{AF8BE674-15BC-4244-B2B0-3764675D07B5}.Debug|x86.Build.0 = Debug|Any CPU
		{AF8BE674-15BC-4244-B2B0-3764675D07B5}.Release|Any CPU.ActiveCfg = Release|Any CPU
		{AF8BE674-15BC-4244-B2B0-3764675D07B5}.Release|Any CPU.Build.0 = Release|Any CPU
		{AF8BE674-15BC-4244-B2B0-3764675D07B5}.Release|x64.ActiveCfg = Release|Any CPU
		{AF8BE674-15BC-4244-B2B0-3764675D07B5}.Release|x64.Build.0 = Release|Any CPU
		{AF8BE674-15BC-4244-B2B0-3764675D07B5}.Release|x86.ActiveCfg = Release|Any CPU
		{AF8BE674-15BC-4244-B2B0-3764675D07B5}.Release|x86.Build.0 = Release|Any CPU
		{6B26D0A7-D39F-41AF-9A23-419866E1444A}.Debug|Any CPU.ActiveCfg = Debug|Any CPU
		{6B26D0A7-D39F-41AF-9A23-419866E1444A}.Debug|Any CPU.Build.0 = Debug|Any CPU
		{6B26D0A7-D39F-41AF-9A23-419866E1444A}.Debug|x64.ActiveCfg = Debug|Any CPU
		{6B26D0A7-D39F-41AF-9A23-419866E1444A}.Debug|x64.Build.0 = Debug|Any CPU
		{6B26D0A7-D39F-41AF-9A23-419866E1444A}.Debug|x86.ActiveCfg = Debug|Any CPU
		{6B26D0A7-D39F-41AF-9A23-419866E1444A}.Debug|x86.Build.0 = Debug|Any CPU
		{6B26D0A7-D39F-41AF-9A23-419866E1444A}.Release|Any CPU.ActiveCfg = Release|Any CPU
		{6B26D0A7-D39F-41AF-9A23-419866E1444A}.Release|Any CPU.Build.0 = Release|Any CPU
		{6B26D0A7-D39F-41AF-9A23-419866E1444A}.Release|x64.ActiveCfg = Release|Any CPU
		{6B26D0A7-D39F-41AF-9A23-419866E1444A}.Release|x64.Build.0 = Release|Any CPU
		{6B26D0A7-D39F-41AF-9A23-419866E1444A}.Release|x86.ActiveCfg = Release|Any CPU
		{6B26D0A7-D39F-41AF-9A23-419866E1444A}.Release|x86.Build.0 = Release|Any CPU
		{EA370D03-EB83-4B5D-B28C-B6FB812937BD}.Debug|Any CPU.ActiveCfg = Debug|Any CPU
		{EA370D03-EB83-4B5D-B28C-B6FB812937BD}.Debug|Any CPU.Build.0 = Debug|Any CPU
		{EA370D03-EB83-4B5D-B28C-B6FB812937BD}.Debug|x64.ActiveCfg = Debug|Any CPU
		{EA370D03-EB83-4B5D-B28C-B6FB812937BD}.Debug|x64.Build.0 = Debug|Any CPU
		{EA370D03-EB83-4B5D-B28C-B6FB812937BD}.Debug|x86.ActiveCfg = Debug|Any CPU
		{EA370D03-EB83-4B5D-B28C-B6FB812937BD}.Debug|x86.Build.0 = Debug|Any CPU
		{EA370D03-EB83-4B5D-B28C-B6FB812937BD}.Release|Any CPU.ActiveCfg = Release|Any CPU
		{EA370D03-EB83-4B5D-B28C-B6FB812937BD}.Release|Any CPU.Build.0 = Release|Any CPU
		{EA370D03-EB83-4B5D-B28C-B6FB812937BD}.Release|x64.ActiveCfg = Release|Any CPU
		{EA370D03-EB83-4B5D-B28C-B6FB812937BD}.Release|x64.Build.0 = Release|Any CPU
		{EA370D03-EB83-4B5D-B28C-B6FB812937BD}.Release|x86.ActiveCfg = Release|Any CPU
		{EA370D03-EB83-4B5D-B28C-B6FB812937BD}.Release|x86.Build.0 = Release|Any CPU
	EndGlobalSection
	GlobalSection(SolutionProperties) = preSolution
		HideSolutionNode = FALSE
	EndGlobalSection
	GlobalSection(ExtensibilityGlobals) = postSolution
		SolutionGuid = {68A47586-3C9F-442E-AA5D-72976D836F8F}
	EndGlobalSection
EndGlobal
